
Microsoft Visual Studio Solution File, Format Version 12.00
# Visual Studio Version 17
VisualStudioVersion = 17.5.33516.290
MinimumVisualStudioVersion = 10.0.40219.1
Project("{FAE04EC0-301F-11D3-BF4B-00C04F79EFBC}") = "ExecutableSpecification", "ExecutableSpecification\ExecutableSpecification.csproj", "{AEDF3132-5899-49A2-A178-64BE8125DB39}"
EndProject
Global
	GlobalSection(SolutionConfigurationPlatforms) = preSolution
		Debug|Any CPU = Debug|Any CPU
		Release|Any CPU = Release|Any CPU
	EndGlobalSection
	GlobalSection(ProjectConfigurationPlatforms) = postSolution
		{AEDF3132-5899-49A2-A178-64BE8125DB39}.Debug|Any CPU.ActiveCfg = Debug|Any CPU
		{AEDF3132-5899-49A2-A178-64BE8125DB39}.Debug|Any CPU.Build.0 = Debug|Any CPU
		{AEDF3132-5899-49A2-A178-64BE8125DB39}.Release|Any CPU.ActiveCfg = Release|Any CPU
		{AEDF3132-5899-49A2-A178-64BE8125DB39}.Release|Any CPU.Build.0 = Release|Any CPU
	EndGlobalSection
	GlobalSection(SolutionProperties) = preSolution
		HideSolutionNode = FALSE
	EndGlobalSection
	GlobalSection(ExtensibilityGlobals) = postSolution
		SolutionGuid = {056D6FF7-173E-4A03-8A82-E869AADC3C5E}
	EndGlobalSection
EndGlobal
